
Microsoft Visual Studio Solution File, Format Version 12.00
# Visual Studio Version 16
VisualStudioVersion = 16.0.31624.102
MinimumVisualStudioVersion = 10.0.40219.1
Project("{FAE04EC0-301F-11D3-BF4B-00C04F79EFBC}") = "Notes Taking App", "Notes Taking App\Notes Taking App.csproj", "{A415BC20-1826-4656-81AC-D0B4D807D351}"
EndProject
Global
	GlobalSection(SolutionConfigurationPlatforms) = preSolution
		Debug|Any CPU = Debug|Any CPU
		Release|Any CPU = Release|Any CPU
	EndGlobalSection
	GlobalSection(ProjectConfigurationPlatforms) = postSolution
		{A415BC20-1826-4656-81AC-D0B4D807D351}.Debug|Any CPU.ActiveCfg = Debug|Any CPU
		{A415BC20-1826-4656-81AC-D0B4D807D351}.Debug|Any CPU.Build.0 = Debug|Any CPU
		{A415BC20-1826-4656-81AC-D0B4D807D351}.Release|Any CPU.ActiveCfg = Release|Any CPU
		{A415BC20-1826-4656-81AC-D0B4D807D351}.Release|Any CPU.Build.0 = Release|Any CPU
	EndGlobalSection
	GlobalSection(SolutionProperties) = preSolution
		HideSolutionNode = FALSE
	EndGlobalSection
	GlobalSection(ExtensibilityGlobals) = postSolution
		SolutionGuid = {D1F595F7-A464-41B1-8630-761789501344}
	EndGlobalSection
EndGlobal
